
Microsoft Visual Studio Solution File, Format Version 12.00
# Visual Studio Version 16
VisualStudioVersion = 16.0.30523.141
MinimumVisualStudioVersion = 10.0.40219.1
Project("{8BC9CEB8-8B4A-11D0-8D11-00A0C91BC942}") = "學習", "學習\學習.vcxproj", "{7FA75049-EE52-4CC9-95AF-D89CC6B4B2E1}"
EndProject
Project("{2150E333-8FDC-42A3-9474-1A3956D46DE8}") = "Solution Items", "Solution Items", "{F524D55C-07C9-40FE-8341-BA7507755284}"
	ProjectSection(SolutionItems) = preProject
		.editorconfig = .editorconfig
	EndProjectSection
EndProject
Project("{9A19103F-16F7-4668-BE54-9A1E7A4F7556}") = "GUI", "GUI\GUI.csproj", "{AAD6A51E-91A4-414B-8238-8E0247E93D7E}"
EndProject
Global
	GlobalSection(SolutionConfigurationPlatforms) = preSolution
		Debug|Any CPU = Debug|Any CPU
		Debug|x64 = Debug|x64
		Debug|x86 = Debug|x86
		Release|Any CPU = Release|Any CPU
		Release|x64 = Release|x64
		Release|x86 = Release|x86
	EndGlobalSection
	GlobalSection(ProjectConfigurationPlatforms) = postSolution
		{7FA75049-EE52-4CC9-95AF-D89CC6B4B2E1}.Debug|Any CPU.ActiveCfg = Debug|Win32
		{7FA75049-EE52-4CC9-95AF-D89CC6B4B2E1}.Debug|x64.ActiveCfg = Debug|x64
		{7FA75049-EE52-4CC9-95AF-D89CC6B4B2E1}.Debug|x64.Build.0 = Debug|x64
		{7FA75049-EE52-4CC9-95AF-D89CC6B4B2E1}.Debug|x86.ActiveCfg = Debug|Win32
		{7FA75049-EE52-4CC9-95AF-D89CC6B4B2E1}.Debug|x86.Build.0 = Debug|Win32
		{7FA75049-EE52-4CC9-95AF-D89CC6B4B2E1}.Release|Any CPU.ActiveCfg = Release|Win32
		{7FA75049-EE52-4CC9-95AF-D89CC6B4B2E1}.Release|x64.ActiveCfg = Release|x64
		{7FA75049-EE52-4CC9-95AF-D89CC6B4B2E1}.Release|x64.Build.0 = Release|x64
		{7FA75049-EE52-4CC9-95AF-D89CC6B4B2E1}.Release|x86.ActiveCfg = Release|Win32
		{7FA75049-EE52-4CC9-95AF-D89CC6B4B2E1}.Release|x86.Build.0 = Release|Win32
		{AAD6A51E-91A4-414B-8238-8E0247E93D7E}.Debug|Any CPU.ActiveCfg = Debug|Any CPU
		{AAD6A51E-91A4-414B-8238-8E0247E93D7E}.Debug|Any CPU.Build.0 = Debug|Any CPU
		{AAD6A51E-91A4-414B-8238-8E0247E93D7E}.Debug|x64.ActiveCfg = Debug|Any CPU
		{AAD6A51E-91A4-414B-8238-8E0247E93D7E}.Debug|x64.Build.0 = Debug|Any CPU
		{AAD6A51E-91A4-414B-8238-8E0247E93D7E}.Debug|x86.ActiveCfg = Debug|Any CPU
		{AAD6A51E-91A4-414B-8238-8E0247E93D7E}.Debug|x86.Build.0 = Debug|Any CPU
		{AAD6A51E-91A4-414B-8238-8E0247E93D7E}.Release|Any CPU.ActiveCfg = Release|Any CPU
		{AAD6A51E-91A4-414B-8238-8E0247E93D7E}.Release|Any CPU.Build.0 = Release|Any CPU
		{AAD6A51E-91A4-414B-8238-8E0247E93D7E}.Release|x64.ActiveCfg = Release|Any CPU
		{AAD6A51E-91A4-414B-8238-8E0247E93D7E}.Release|x64.Build.0 = Release|Any CPU
		{AAD6A51E-91A4-414B-8238-8E0247E93D7E}.Release|x86.ActiveCfg = Release|Any CPU
		{AAD6A51E-91A4-414B-8238-8E0247E93D7E}.Release|x86.Build.0 = Release|Any CPU
	EndGlobalSection
	GlobalSection(SolutionProperties) = preSolution
		HideSolutionNode = FALSE
	EndGlobalSection
	GlobalSection(ExtensibilityGlobals) = postSolution
		SolutionGuid = {E034963D-0702-497C-A961-65BEE5FE91B9}
	EndGlobalSection
EndGlobal
